
Microsoft Visual Studio Solution File, Format Version 12.00
# Visual Studio Version 17
VisualStudioVersion = 17.8.34330.188
MinimumVisualStudioVersion = 10.0.40219.1
Project("{FAE04EC0-301F-11D3-BF4B-00C04F79EFBC}") = "ProjetoClasses", "ProjetoClasses\ProjetoClasses.csproj", "{3C6C9602-1E69-4DBB-8D65-86DE2B8565A4}"
EndProject
Project("{FAE04EC0-301F-11D3-BF4B-00C04F79EFBC}") = "Entidades", "Entidades\Entidades.csproj", "{894A887E-3F3A-418A-BFA6-E3955295D3F6}"
EndProject
Global
	GlobalSection(SolutionConfigurationPlatforms) = preSolution
		Debug|Any CPU = Debug|Any CPU
		Release|Any CPU = Release|Any CPU
	EndGlobalSection
	GlobalSection(ProjectConfigurationPlatforms) = postSolution
		{3C6C9602-1E69-4DBB-8D65-86DE2B8565A4}.Debug|Any CPU.ActiveCfg = Debug|Any CPU
		{3C6C9602-1E69-4DBB-8D65-86DE2B8565A4}.Debug|Any CPU.Build.0 = Debug|Any CPU
		{3C6C9602-1E69-4DBB-8D65-86DE2B8565A4}.Release|Any CPU.ActiveCfg = Release|Any CPU
		{3C6C9602-1E69-4DBB-8D65-86DE2B8565A4}.Release|Any CPU.Build.0 = Release|Any CPU
		{894A887E-3F3A-418A-BFA6-E3955295D3F6}.Debug|Any CPU.ActiveCfg = Debug|Any CPU
		{894A887E-3F3A-418A-BFA6-E3955295D3F6}.Debug|Any CPU.Build.0 = Debug|Any CPU
		{894A887E-3F3A-418A-BFA6-E3955295D3F6}.Release|Any CPU.ActiveCfg = Release|Any CPU
		{894A887E-3F3A-418A-BFA6-E3955295D3F6}.Release|Any CPU.Build.0 = Release|Any CPU
	EndGlobalSection
	GlobalSection(SolutionProperties) = preSolution
		HideSolutionNode = FALSE
	EndGlobalSection
	GlobalSection(ExtensibilityGlobals) = postSolution
		SolutionGuid = {2117C8DD-1A18-4E8F-A765-8EE0E6273A02}
	EndGlobalSection
EndGlobal
